// !$*UTF8*$!
{
	archiveVersion = 1;
	classes = {
	};
	objectVersion = 77;
	objects = {

/* Begin PBXBuildFile section */
		85E4D8352DC47C3E00B7413E /* Reflect Watch Watch App.app in Embed Watch Content */ = {isa = PBXBuildFile; fileRef = 85E4D8122DC47C3B00B7413E /* Reflect Watch Watch App.app */; settings = {ATTRIBUTES = (RemoveHeadersOnCopy, ); }; };
/* End PBXBuildFile section */

/* Begin PBXContainerItemProxy section */
		852BEF7C2DC6C633006A5D3A /* PBXContainerItemProxy */ = {
			isa = PBXContainerItemProxy;
			containerPortal = 85CE5B9B2DBF365B00D1B87C /* Project object */;
			proxyType = 1;
			remoteGlobalIDString = 852BEF6B2DC6C62F006A5D3A;
			remoteInfo = "Reflect TV";
		};
		852BEF862DC6C633006A5D3A /* PBXContainerItemProxy */ = {
			isa = PBXContainerItemProxy;
			containerPortal = 85CE5B9B2DBF365B00D1B87C /* Project object */;
			proxyType = 1;
			remoteGlobalIDString = 852BEF6B2DC6C62F006A5D3A;
			remoteInfo = "Reflect TV";
		};
		85CE5BB42DBF365E00D1B87C /* PBXContainerItemProxy */ = {
			isa = PBXContainerItemProxy;
			containerPortal = 85CE5B9B2DBF365B00D1B87C /* Project object */;
			proxyType = 1;
			remoteGlobalIDString = 85CE5BA22DBF365B00D1B87C;
			remoteInfo = Reflect;
		};
		85CE5BBE2DBF365E00D1B87C /* PBXContainerItemProxy */ = {
			isa = PBXContainerItemProxy;
			containerPortal = 85CE5B9B2DBF365B00D1B87C /* Project object */;
			proxyType = 1;
			remoteGlobalIDString = 85CE5BA22DBF365B00D1B87C;
			remoteInfo = Reflect;
		};
		85E4D8222DC47C3E00B7413E /* PBXContainerItemProxy */ = {
			isa = PBXContainerItemProxy;
			containerPortal = 85CE5B9B2DBF365B00D1B87C /* Project object */;
			proxyType = 1;
			remoteGlobalIDString = 85E4D8112DC47C3B00B7413E;
			remoteInfo = "Reflect Watch Watch App";
		};
		85E4D82C2DC47C3E00B7413E /* PBXContainerItemProxy */ = {
			isa = PBXContainerItemProxy;
			containerPortal = 85CE5B9B2DBF365B00D1B87C /* Project object */;
			proxyType = 1;
			remoteGlobalIDString = 85E4D8112DC47C3B00B7413E;
			remoteInfo = "Reflect Watch Watch App";
		};
		85E4D8332DC47C3E00B7413E /* PBXContainerItemProxy */ = {
			isa = PBXContainerItemProxy;
			containerPortal = 85CE5B9B2DBF365B00D1B87C /* Project object */;
			proxyType = 1;
			remoteGlobalIDString = 85E4D8112DC47C3B00B7413E;
			remoteInfo = "Reflect Watch Watch App";
		};
/* End PBXContainerItemProxy section */

/* Begin PBXCopyFilesBuildPhase section */
		85E4D8362DC47C3E00B7413E /* Embed Watch Content */ = {
			isa = PBXCopyFilesBuildPhase;
			buildActionMask = 2147483647;
			dstPath = "$(CONTENTS_FOLDER_PATH)/Watch";
			dstSubfolderSpec = 16;
			files = (
				85E4D8352DC47C3E00B7413E /* Reflect Watch Watch App.app in Embed Watch Content */,
			);
			name = "Embed Watch Content";
			runOnlyForDeploymentPostprocessing = 0;
		};
/* End PBXCopyFilesBuildPhase section */

/* Begin PBXFileReference section */
		852BEF6C2DC6C62F006A5D3A /* Reflect TV.app */ = {isa = PBXFileReference; explicitFileType = wrapper.application; includeInIndex = 0; path = "Reflect TV.app"; sourceTree = BUILT_PRODUCTS_DIR; };
		852BEF7B2DC6C633006A5D3A /* Reflect TVTests.xctest */ = {isa = PBXFileReference; explicitFileType = wrapper.cfbundle; includeInIndex = 0; path = "Reflect TVTests.xctest"; sourceTree = BUILT_PRODUCTS_DIR; };
		852BEF852DC6C633006A5D3A /* Reflect TVUITests.xctest */ = {isa = PBXFileReference; explicitFileType = wrapper.cfbundle; includeInIndex = 0; path = "Reflect TVUITests.xctest"; sourceTree = BUILT_PRODUCTS_DIR; };
		85CE5BA32DBF365B00D1B87C /* Reflect.app */ = {isa = PBXFileReference; explicitFileType = wrapper.application; includeInIndex = 0; path = Reflect.app; sourceTree = BUILT_PRODUCTS_DIR; };
		85CE5BB32DBF365E00D1B87C /* ReflectTests.xctest */ = {isa = PBXFileReference; explicitFileType = wrapper.cfbundle; includeInIndex = 0; path = ReflectTests.xctest; sourceTree = BUILT_PRODUCTS_DIR; };
		85CE5BBD2DBF365E00D1B87C /* ReflectUITests.xctest */ = {isa = PBXFileReference; explicitFileType = wrapper.cfbundle; includeInIndex = 0; path = ReflectUITests.xctest; sourceTree = BUILT_PRODUCTS_DIR; };
		85E4D8122DC47C3B00B7413E /* Reflect Watch Watch App.app */ = {isa = PBXFileReference; explicitFileType = wrapper.application; includeInIndex = 0; path = "Reflect Watch Watch App.app"; sourceTree = BUILT_PRODUCTS_DIR; };
		85E4D8212DC47C3E00B7413E /* Reflect Watch Watch AppTests.xctest */ = {isa = PBXFileReference; explicitFileType = wrapper.cfbundle; includeInIndex = 0; path = "Reflect Watch Watch AppTests.xctest"; sourceTree = BUILT_PRODUCTS_DIR; };
		85E4D82B2DC47C3E00B7413E /* Reflect Watch Watch AppUITests.xctest */ = {isa = PBXFileReference; explicitFileType = wrapper.cfbundle; includeInIndex = 0; path = "Reflect Watch Watch AppUITests.xctest"; sourceTree = BUILT_PRODUCTS_DIR; };
/* End PBXFileReference section */

/* Begin PBXFileSystemSynchronizedBuildFileExceptionSet section */
		852BEF972DC6C84C006A5D3A /* Exceptions for "Reflect" folder in "Reflect TV" target */ = {
			isa = PBXFileSystemSynchronizedBuildFileExceptionSet;
			membershipExceptions = (
				Prompts.swift,
			);
			target = 852BEF6B2DC6C62F006A5D3A /* Reflect TV */;
		};
		852BEF992DC6C979006A5D3A /* Exceptions for "Reflect" folder in "Reflect Watch Watch App" target */ = {
			isa = PBXFileSystemSynchronizedBuildFileExceptionSet;
			membershipExceptions = (
				Prompts.swift,
			);
			target = 85E4D8112DC47C3B00B7413E /* Reflect Watch Watch App */;
		};
/* End PBXFileSystemSynchronizedBuildFileExceptionSet section */

/* Begin PBXFileSystemSynchronizedRootGroup section */
		852BEF6D2DC6C630006A5D3A /* Reflect TV */ = {
			isa = PBXFileSystemSynchronizedRootGroup;
			path = "Reflect TV";
			sourceTree = "<group>";
		};
		85CE5BA52DBF365B00D1B87C /* Reflect */ = {
			isa = PBXFileSystemSynchronizedRootGroup;
			exceptions = (
				852BEF992DC6C979006A5D3A /* Exceptions for "Reflect" folder in "Reflect Watch Watch App" target */,
				852BEF972DC6C84C006A5D3A /* Exceptions for "Reflect" folder in "Reflect TV" target */,
			);
			path = Reflect;
			sourceTree = "<group>";
		};
		85E4D8132DC47C3B00B7413E /* Reflect Watch Watch App */ = {
			isa = PBXFileSystemSynchronizedRootGroup;
			path = "Reflect Watch Watch App";
			sourceTree = "<group>";
		};
/* End PBXFileSystemSynchronizedRootGroup section */

/* Begin PBXFrameworksBuildPhase section */
		852BEF692DC6C62F006A5D3A /* Frameworks */ = {
			isa = PBXFrameworksBuildPhase;
			buildActionMask = 2147483647;
			files = (
			);
			runOnlyForDeploymentPostprocessing = 0;
		};
		852BEF782DC6C633006A5D3A /* Frameworks */ = {
			isa = PBXFrameworksBuildPhase;
			buildActionMask = 2147483647;
			files = (
			);
			runOnlyForDeploymentPostprocessing = 0;
		};
		852BEF822DC6C633006A5D3A /* Frameworks */ = {
			isa = PBXFrameworksBuildPhase;
			buildActionMask = 2147483647;
			files = (
			);
			runOnlyForDeploymentPostprocessing = 0;
		};
		85CE5BA02DBF365B00D1B87C /* Frameworks */ = {
			isa = PBXFrameworksBuildPhase;
			buildActionMask = 2147483647;
			files = (
			);
			runOnlyForDeploymentPostprocessing = 0;
		};
		85CE5BB02DBF365E00D1B87C /* Frameworks */ = {
			isa = PBXFrameworksBuildPhase;
			buildActionMask = 2147483647;
			files = (
			);
			runOnlyForDeploymentPostprocessing = 0;
		};
		85CE5BBA2DBF365E00D1B87C /* Frameworks */ = {
			isa = PBXFrameworksBuildPhase;
			buildActionMask = 2147483647;
			files = (
			);
			runOnlyForDeploymentPostprocessing = 0;
		};
		85E4D80F2DC47C3B00B7413E /* Frameworks */ = {
			isa = PBXFrameworksBuildPhase;
			buildActionMask = 2147483647;
			files = (
			);
			runOnlyForDeploymentPostprocessing = 0;
		};
		85E4D81E2DC47C3E00B7413E /* Frameworks */ = {
			isa = PBXFrameworksBuildPhase;
			buildActionMask = 2147483647;
			files = (
			);
			runOnlyForDeploymentPostprocessing = 0;
		};
		85E4D8282DC47C3E00B7413E /* Frameworks */ = {
			isa = PBXFrameworksBuildPhase;
			buildActionMask = 2147483647;
			files = (
			);
			runOnlyForDeploymentPostprocessing = 0;
		};
/* End PBXFrameworksBuildPhase section */

/* Begin PBXGroup section */
		85CE5B9A2DBF365B00D1B87C = {
			isa = PBXGroup;
			children = (
				85CE5BA52DBF365B00D1B87C /* Reflect */,
				85E4D8132DC47C3B00B7413E /* Reflect Watch Watch App */,
				852BEF6D2DC6C630006A5D3A /* Reflect TV */,
				85CE5BA42DBF365B00D1B87C /* Products */,
			);
			sourceTree = "<group>";
		};
		85CE5BA42DBF365B00D1B87C /* Products */ = {
			isa = PBXGroup;
			children = (
				85CE5BA32DBF365B00D1B87C /* Reflect.app */,
				85CE5BB32DBF365E00D1B87C /* ReflectTests.xctest */,
				85CE5BBD2DBF365E00D1B87C /* ReflectUITests.xctest */,
				85E4D8122DC47C3B00B7413E /* Reflect Watch Watch App.app */,
				85E4D8212DC47C3E00B7413E /* Reflect Watch Watch AppTests.xctest */,
				85E4D82B2DC47C3E00B7413E /* Reflect Watch Watch AppUITests.xctest */,
				852BEF6C2DC6C62F006A5D3A /* Reflect TV.app */,
				852BEF7B2DC6C633006A5D3A /* Reflect TVTests.xctest */,
				852BEF852DC6C633006A5D3A /* Reflect TVUITests.xctest */,
			);
			name = Products;
			sourceTree = "<group>";
		};
/* End PBXGroup section */

/* Begin PBXNativeTarget section */
		852BEF6B2DC6C62F006A5D3A /* Reflect TV */ = {
			isa = PBXNativeTarget;
			buildConfigurationList = 852BEF8D2DC6C633006A5D3A /* Build configuration list for PBXNativeTarget "Reflect TV" */;
			buildPhases = (
				852BEF682DC6C62F006A5D3A /* Sources */,
				852BEF692DC6C62F006A5D3A /* Frameworks */,
				852BEF6A2DC6C62F006A5D3A /* Resources */,
			);
			buildRules = (
			);
			dependencies = (
			);
			fileSystemSynchronizedGroups = (
				852BEF6D2DC6C630006A5D3A /* Reflect TV */,
			);
			name = "Reflect TV";
			packageProductDependencies = (
			);
			productName = "Reflect TV";
			productReference = 852BEF6C2DC6C62F006A5D3A /* Reflect TV.app */;
			productType = "com.apple.product-type.application";
		};
		852BEF7A2DC6C633006A5D3A /* Reflect TVTests */ = {
			isa = PBXNativeTarget;
			buildConfigurationList = 852BEF902DC6C633006A5D3A /* Build configuration list for PBXNativeTarget "Reflect TVTests" */;
			buildPhases = (
				852BEF772DC6C633006A5D3A /* Sources */,
				852BEF782DC6C633006A5D3A /* Frameworks */,
				852BEF792DC6C633006A5D3A /* Resources */,
			);
			buildRules = (
			);
			dependencies = (
				852BEF7D2DC6C633006A5D3A /* PBXTargetDependency */,
			);
			name = "Reflect TVTests";
			packageProductDependencies = (
			);
			productName = "Reflect TVTests";
			productReference = 852BEF7B2DC6C633006A5D3A /* Reflect TVTests.xctest */;
			productType = "com.apple.product-type.bundle.unit-test";
		};
		852BEF842DC6C633006A5D3A /* Reflect TVUITests */ = {
			isa = PBXNativeTarget;
			buildConfigurationList = 852BEF932DC6C633006A5D3A /* Build configuration list for PBXNativeTarget "Reflect TVUITests" */;
			buildPhases = (
				852BEF812DC6C633006A5D3A /* Sources */,
				852BEF822DC6C633006A5D3A /* Frameworks */,
				852BEF832DC6C633006A5D3A /* Resources */,
			);
			buildRules = (
			);
			dependencies = (
				852BEF872DC6C633006A5D3A /* PBXTargetDependency */,
			);
			name = "Reflect TVUITests";
			packageProductDependencies = (
			);
			productName = "Reflect TVUITests";
			productReference = 852BEF852DC6C633006A5D3A /* Reflect TVUITests.xctest */;
			productType = "com.apple.product-type.bundle.ui-testing";
		};
		85CE5BA22DBF365B00D1B87C /* Reflect */ = {
			isa = PBXNativeTarget;
			buildConfigurationList = 85CE5BC72DBF365E00D1B87C /* Build configuration list for PBXNativeTarget "Reflect" */;
			buildPhases = (
				85CE5B9F2DBF365B00D1B87C /* Sources */,
				85CE5BA02DBF365B00D1B87C /* Frameworks */,
				85CE5BA12DBF365B00D1B87C /* Resources */,
				85E4D8362DC47C3E00B7413E /* Embed Watch Content */,
			);
			buildRules = (
			);
			dependencies = (
				85E4D8342DC47C3E00B7413E /* PBXTargetDependency */,
			);
			fileSystemSynchronizedGroups = (
				85CE5BA52DBF365B00D1B87C /* Reflect */,
			);
			name = Reflect;
			packageProductDependencies = (
			);
			productName = Reflect;
			productReference = 85CE5BA32DBF365B00D1B87C /* Reflect.app */;
			productType = "com.apple.product-type.application";
		};
		85CE5BB22DBF365E00D1B87C /* ReflectTests */ = {
			isa = PBXNativeTarget;
			buildConfigurationList = 85CE5BCA2DBF365E00D1B87C /* Build configuration list for PBXNativeTarget "ReflectTests" */;
			buildPhases = (
				85CE5BAF2DBF365E00D1B87C /* Sources */,
				85CE5BB02DBF365E00D1B87C /* Frameworks */,
				85CE5BB12DBF365E00D1B87C /* Resources */,
			);
			buildRules = (
			);
			dependencies = (
				85CE5BB52DBF365E00D1B87C /* PBXTargetDependency */,
			);
			name = ReflectTests;
			packageProductDependencies = (
			);
			productName = ReflectTests;
			productReference = 85CE5BB32DBF365E00D1B87C /* ReflectTests.xctest */;
			productType = "com.apple.product-type.bundle.unit-test";
		};
		85CE5BBC2DBF365E00D1B87C /* ReflectUITests */ = {
			isa = PBXNativeTarget;
			buildConfigurationList = 85CE5BCD2DBF365E00D1B87C /* Build configuration list for PBXNativeTarget "ReflectUITests" */;
			buildPhases = (
				85CE5BB92DBF365E00D1B87C /* Sources */,
				85CE5BBA2DBF365E00D1B87C /* Frameworks */,
				85CE5BBB2DBF365E00D1B87C /* Resources */,
			);
			buildRules = (
			);
			dependencies = (
				85CE5BBF2DBF365E00D1B87C /* PBXTargetDependency */,
			);
			name = ReflectUITests;
			packageProductDependencies = (
			);
			productName = ReflectUITests;
			productReference = 85CE5BBD2DBF365E00D1B87C /* ReflectUITests.xctest */;
			productType = "com.apple.product-type.bundle.ui-testing";
		};
		85E4D8112DC47C3B00B7413E /* Reflect Watch Watch App */ = {
			isa = PBXNativeTarget;
			buildConfigurationList = 85E4D83D2DC47C3E00B7413E /* Build configuration list for PBXNativeTarget "Reflect Watch Watch App" */;
			buildPhases = (
				85E4D80E2DC47C3B00B7413E /* Sources */,
				85E4D80F2DC47C3B00B7413E /* Frameworks */,
				85E4D8102DC47C3B00B7413E /* Resources */,
			);
			buildRules = (
			);
			dependencies = (
			);
			fileSystemSynchronizedGroups = (
				85E4D8132DC47C3B00B7413E /* Reflect Watch Watch App */,
			);
			name = "Reflect Watch Watch App";
			packageProductDependencies = (
			);
			productName = "Reflect Watch Watch App";
			productReference = 85E4D8122DC47C3B00B7413E /* Reflect Watch Watch App.app */;
			productType = "com.apple.product-type.application";
		};
		85E4D8202DC47C3E00B7413E /* Reflect Watch Watch AppTests */ = {
			isa = PBXNativeTarget;
			buildConfigurationList = 85E4D83E2DC47C3E00B7413E /* Build configuration list for PBXNativeTarget "Reflect Watch Watch AppTests" */;
			buildPhases = (
				85E4D81D2DC47C3E00B7413E /* Sources */,
				85E4D81E2DC47C3E00B7413E /* Frameworks */,
				85E4D81F2DC47C3E00B7413E /* Resources */,
			);
			buildRules = (
			);
			dependencies = (
				85E4D8232DC47C3E00B7413E /* PBXTargetDependency */,
			);
			name = "Reflect Watch Watch AppTests";
			packageProductDependencies = (
			);
			productName = "Reflect Watch Watch AppTests";
			productReference = 85E4D8212DC47C3E00B7413E /* Reflect Watch Watch AppTests.xctest */;
			productType = "com.apple.product-type.bundle.unit-test";
		};
		85E4D82A2DC47C3E00B7413E /* Reflect Watch Watch AppUITests */ = {
			isa = PBXNativeTarget;
			buildConfigurationList = 85E4D83F2DC47C3E00B7413E /* Build configuration list for PBXNativeTarget "Reflect Watch Watch AppUITests" */;
			buildPhases = (
				85E4D8272DC47C3E00B7413E /* Sources */,
				85E4D8282DC47C3E00B7413E /* Frameworks */,
				85E4D8292DC47C3E00B7413E /* Resources */,
			);
			buildRules = (
			);
			dependencies = (
				85E4D82D2DC47C3E00B7413E /* PBXTargetDependency */,
			);
			name = "Reflect Watch Watch AppUITests";
			packageProductDependencies = (
			);
			productName = "Reflect Watch Watch AppUITests";
			productReference = 85E4D82B2DC47C3E00B7413E /* Reflect Watch Watch AppUITests.xctest */;
			productType = "com.apple.product-type.bundle.ui-testing";
		};
/* End PBXNativeTarget section */

/* Begin PBXProject section */
		85CE5B9B2DBF365B00D1B87C /* Project object */ = {
			isa = PBXProject;
			attributes = {
				BuildIndependentTargetsInParallel = 1;
				LastSwiftUpdateCheck = 1620;
				LastUpgradeCheck = 1620;
				TargetAttributes = {
					852BEF6B2DC6C62F006A5D3A = {
						CreatedOnToolsVersion = 16.2;
					};
					852BEF7A2DC6C633006A5D3A = {
						CreatedOnToolsVersion = 16.2;
						TestTargetID = 852BEF6B2DC6C62F006A5D3A;
					};
					852BEF842DC6C633006A5D3A = {
						CreatedOnToolsVersion = 16.2;
						TestTargetID = 852BEF6B2DC6C62F006A5D3A;
					};
					85CE5BA22DBF365B00D1B87C = {
						CreatedOnToolsVersion = 16.2;
					};
					85CE5BB22DBF365E00D1B87C = {
						CreatedOnToolsVersion = 16.2;
						TestTargetID = 85CE5BA22DBF365B00D1B87C;
					};
					85CE5BBC2DBF365E00D1B87C = {
						CreatedOnToolsVersion = 16.2;
						TestTargetID = 85CE5BA22DBF365B00D1B87C;
					};
					85E4D8112DC47C3B00B7413E = {
						CreatedOnToolsVersion = 16.2;
					};
					85E4D8202DC47C3E00B7413E = {
						CreatedOnToolsVersion = 16.2;
						TestTargetID = 85E4D8112DC47C3B00B7413E;
					};
					85E4D82A2DC47C3E00B7413E = {
						CreatedOnToolsVersion = 16.2;
						TestTargetID = 85E4D8112DC47C3B00B7413E;
					};
				};
			};
			buildConfigurationList = 85CE5B9E2DBF365B00D1B87C /* Build configuration list for PBXProject "Reflect" */;
			developmentRegion = en;
			hasScannedForEncodings = 0;
			knownRegions = (
				en,
				Base,
			);
			mainGroup = 85CE5B9A2DBF365B00D1B87C;
			minimizedProjectReferenceProxies = 1;
			preferredProjectObjectVersion = 77;
			productRefGroup = 85CE5BA42DBF365B00D1B87C /* Products */;
			projectDirPath = "";
			projectRoot = "";
			targets = (
				85CE5BA22DBF365B00D1B87C /* Reflect */,
				85CE5BB22DBF365E00D1B87C /* ReflectTests */,
				85CE5BBC2DBF365E00D1B87C /* ReflectUITests */,
				85E4D8112DC47C3B00B7413E /* Reflect Watch Watch App */,
				85E4D8202DC47C3E00B7413E /* Reflect Watch Watch AppTests */,
				85E4D82A2DC47C3E00B7413E /* Reflect Watch Watch AppUITests */,
				852BEF6B2DC6C62F006A5D3A /* Reflect TV */,
				852BEF7A2DC6C633006A5D3A /* Reflect TVTests */,
				852BEF842DC6C633006A5D3A /* Reflect TVUITests */,
			);
		};
/* End PBXProject section */

/* Begin PBXResourcesBuildPhase section */
		852BEF6A2DC6C62F006A5D3A /* Resources */ = {
			isa = PBXResourcesBuildPhase;
			buildActionMask = 2147483647;
			files = (
			);
			runOnlyForDeploymentPostprocessing = 0;
		};
		852BEF792DC6C633006A5D3A /* Resources */ = {
			isa = PBXResourcesBuildPhase;
			buildActionMask = 2147483647;
			files = (
			);
			runOnlyForDeploymentPostprocessing = 0;
		};
		852BEF832DC6C633006A5D3A /* Resources */ = {
			isa = PBXResourcesBuildPhase;
			buildActionMask = 2147483647;
			files = (
			);
			runOnlyForDeploymentPostprocessing = 0;
		};
		85CE5BA12DBF365B00D1B87C /* Resources */ = {
			isa = PBXResourcesBuildPhase;
			buildActionMask = 2147483647;
			files = (
			);
			runOnlyForDeploymentPostprocessing = 0;
		};
		85CE5BB12DBF365E00D1B87C /* Resources */ = {
			isa = PBXResourcesBuildPhase;
			buildActionMask = 2147483647;
			files = (
			);
			runOnlyForDeploymentPostprocessing = 0;
		};
		85CE5BBB2DBF365E00D1B87C /* Resources */ = {
			isa = PBXResourcesBuildPhase;
			buildActionMask = 2147483647;
			files = (
			);
			runOnlyForDeploymentPostprocessing = 0;
		};
		85E4D8102DC47C3B00B7413E /* Resources */ = {
			isa = PBXResourcesBuildPhase;
			buildActionMask = 2147483647;
			files = (
			);
			runOnlyForDeploymentPostprocessing = 0;
		};
		85E4D81F2DC47C3E00B7413E /* Resources */ = {
			isa = PBXResourcesBuildPhase;
			buildActionMask = 2147483647;
			files = (
			);
			runOnlyForDeploymentPostprocessing = 0;
		};
		85E4D8292DC47C3E00B7413E /* Resources */ = {
			isa = PBXResourcesBuildPhase;
			buildActionMask = 2147483647;
			files = (
			);
			runOnlyForDeploymentPostprocessing = 0;
		};
/* End PBXResourcesBuildPhase section */

/* Begin PBXSourcesBuildPhase section */
		852BEF682DC6C62F006A5D3A /* Sources */ = {
			isa = PBXSourcesBuildPhase;
			buildActionMask = 2147483647;
			files = (
			);
			runOnlyForDeploymentPostprocessing = 0;
		};
		852BEF772DC6C633006A5D3A /* Sources */ = {
			isa = PBXSourcesBuildPhase;
			buildActionMask = 2147483647;
			files = (
			);
			runOnlyForDeploymentPostprocessing = 0;
		};
		852BEF812DC6C633006A5D3A /* Sources */ = {
			isa = PBXSourcesBuildPhase;
			buildActionMask = 2147483647;
			files = (
			);
			runOnlyForDeploymentPostprocessing = 0;
		};
		85CE5B9F2DBF365B00D1B87C /* Sources */ = {
			isa = PBXSourcesBuildPhase;
			buildActionMask = 2147483647;
			files = (
			);
			runOnlyForDeploymentPostprocessing = 0;
		};
		85CE5BAF2DBF365E00D1B87C /* Sources */ = {
			isa = PBXSourcesBuildPhase;
			buildActionMask = 2147483647;
			files = (
			);
			runOnlyForDeploymentPostprocessing = 0;
		};
		85CE5BB92DBF365E00D1B87C /* Sources */ = {
			isa = PBXSourcesBuildPhase;
			buildActionMask = 2147483647;
			files = (
			);
			runOnlyForDeploymentPostprocessing = 0;
		};
		85E4D80E2DC47C3B00B7413E /* Sources */ = {
			isa = PBXSourcesBuildPhase;
			buildActionMask = 2147483647;
			files = (
			);
			runOnlyForDeploymentPostprocessing = 0;
		};
		85E4D81D2DC47C3E00B7413E /* Sources */ = {
			isa = PBXSourcesBuildPhase;
			buildActionMask = 2147483647;
			files = (
			);
			runOnlyForDeploymentPostprocessing = 0;
		};
		85E4D8272DC47C3E00B7413E /* Sources */ = {
			isa = PBXSourcesBuildPhase;
			buildActionMask = 2147483647;
			files = (
			);
			runOnlyForDeploymentPostprocessing = 0;
		};
/* End PBXSourcesBuildPhase section */

/* Begin PBXTargetDependency section */
		852BEF7D2DC6C633006A5D3A /* PBXTargetDependency */ = {
			isa = PBXTargetDependency;
			target = 852BEF6B2DC6C62F006A5D3A /* Reflect TV */;
			targetProxy = 852BEF7C2DC6C633006A5D3A /* PBXContainerItemProxy */;
		};
		852BEF872DC6C633006A5D3A /* PBXTargetDependency */ = {
			isa = PBXTargetDependency;
			target = 852BEF6B2DC6C62F006A5D3A /* Reflect TV */;
			targetProxy = 852BEF862DC6C633006A5D3A /* PBXContainerItemProxy */;
		};
		85CE5BB52DBF365E00D1B87C /* PBXTargetDependency */ = {
			isa = PBXTargetDependency;
			target = 85CE5BA22DBF365B00D1B87C /* Reflect */;
			targetProxy = 85CE5BB42DBF365E00D1B87C /* PBXContainerItemProxy */;
		};
		85CE5BBF2DBF365E00D1B87C /* PBXTargetDependency */ = {
			isa = PBXTargetDependency;
			target = 85CE5BA22DBF365B00D1B87C /* Reflect */;
			targetProxy = 85CE5BBE2DBF365E00D1B87C /* PBXContainerItemProxy */;
		};
		85E4D8232DC47C3E00B7413E /* PBXTargetDependency */ = {
			isa = PBXTargetDependency;
			target = 85E4D8112DC47C3B00B7413E /* Reflect Watch Watch App */;
			targetProxy = 85E4D8222DC47C3E00B7413E /* PBXContainerItemProxy */;
		};
		85E4D82D2DC47C3E00B7413E /* PBXTargetDependency */ = {
			isa = PBXTargetDependency;
			target = 85E4D8112DC47C3B00B7413E /* Reflect Watch Watch App */;
			targetProxy = 85E4D82C2DC47C3E00B7413E /* PBXContainerItemProxy */;
		};
		85E4D8342DC47C3E00B7413E /* PBXTargetDependency */ = {
			isa = PBXTargetDependency;
			target = 85E4D8112DC47C3B00B7413E /* Reflect Watch Watch App */;
			targetProxy = 85E4D8332DC47C3E00B7413E /* PBXContainerItemProxy */;
		};
/* End PBXTargetDependency section */

/* Begin XCBuildConfiguration section */
		852BEF8E2DC6C633006A5D3A /* Debug */ = {
			isa = XCBuildConfiguration;
			buildSettings = {
				ASSETCATALOG_COMPILER_APPICON_NAME = "App Icon & Top Shelf Image";
				ASSETCATALOG_COMPILER_GLOBAL_ACCENT_COLOR_NAME = AccentColor;
				ASSETCATALOG_COMPILER_INCLUDE_ALL_APPICON_ASSETS = YES;
				CODE_SIGN_STYLE = Automatic;
				CURRENT_PROJECT_VERSION = 1;
				DEVELOPMENT_ASSET_PATHS = "\"Reflect TV/Preview Content\"";
				DEVELOPMENT_TEAM = FBUNBDS7R7;
				ENABLE_PREVIEWS = YES;
				GENERATE_INFOPLIST_FILE = YES;
				INFOPLIST_KEY_CFBundleDisplayName = "Reflect: Creative Sparks";
				INFOPLIST_KEY_LSApplicationCategoryType = "public.app-category.productivity";
				INFOPLIST_KEY_UILaunchScreen_Generation = YES;
				INFOPLIST_KEY_UIUserInterfaceStyle = Automatic;
				LD_RUNPATH_SEARCH_PATHS = (
					"$(inherited)",
					"@executable_path/Frameworks",
				);
				MARKETING_VERSION = 1.2;
				PRODUCT_BUNDLE_IDENTIFIER = "com.MarkFriedlander.Reflect-TV";
				PRODUCT_NAME = "$(TARGET_NAME)";
				SDKROOT = appletvos;
				SWIFT_EMIT_LOC_STRINGS = YES;
				SWIFT_VERSION = 5.0;
				TARGETED_DEVICE_FAMILY = 3;
				TVOS_DEPLOYMENT_TARGET = 18.2;
			};
			name = Debug;
		};
		852BEF8F2DC6C633006A5D3A /* Release */ = {
			isa = XCBuildConfiguration;
			buildSettings = {
				ASSETCATALOG_COMPILER_APPICON_NAME = "App Icon & Top Shelf Image";
				ASSETCATALOG_COMPILER_GLOBAL_ACCENT_COLOR_NAME = AccentColor;
				ASSETCATALOG_COMPILER_INCLUDE_ALL_APPICON_ASSETS = YES;
				CODE_SIGN_STYLE = Automatic;
				CURRENT_PROJECT_VERSION = 1;
				DEVELOPMENT_ASSET_PATHS = "\"Reflect TV/Preview Content\"";
				DEVELOPMENT_TEAM = FBUNBDS7R7;
				ENABLE_PREVIEWS = YES;
				GENERATE_INFOPLIST_FILE = YES;
				INFOPLIST_KEY_CFBundleDisplayName = "Reflect: Creative Sparks";
				INFOPLIST_KEY_LSApplicationCategoryType = "public.app-category.productivity";
				INFOPLIST_KEY_UILaunchScreen_Generation = YES;
				INFOPLIST_KEY_UIUserInterfaceStyle = Automatic;
				LD_RUNPATH_SEARCH_PATHS = (
					"$(inherited)",
					"@executable_path/Frameworks",
				);
				MARKETING_VERSION = 1.2;
				PRODUCT_BUNDLE_IDENTIFIER = "com.MarkFriedlander.Reflect-TV";
				PRODUCT_NAME = "$(TARGET_NAME)";
				SDKROOT = appletvos;
				SWIFT_EMIT_LOC_STRINGS = YES;
				SWIFT_VERSION = 5.0;
				TARGETED_DEVICE_FAMILY = 3;
				TVOS_DEPLOYMENT_TARGET = 18.2;
			};
			name = Release;
		};
		852BEF912DC6C633006A5D3A /* Debug */ = {
			isa = XCBuildConfiguration;
			buildSettings = {
				BUNDLE_LOADER = "$(TEST_HOST)";
				CODE_SIGN_STYLE = Automatic;
				CURRENT_PROJECT_VERSION = 1;
				DEVELOPMENT_TEAM = FBUNBDS7R7;
				GENERATE_INFOPLIST_FILE = YES;
				MARKETING_VERSION = 1.0;
				PRODUCT_BUNDLE_IDENTIFIER = "com.MarkFriedlander.Reflect-TVTests";
				PRODUCT_NAME = "$(TARGET_NAME)";
				SDKROOT = appletvos;
				SWIFT_EMIT_LOC_STRINGS = NO;
				SWIFT_VERSION = 5.0;
				TARGETED_DEVICE_FAMILY = 3;
				TEST_HOST = "$(BUILT_PRODUCTS_DIR)/Reflect TV.app/$(BUNDLE_EXECUTABLE_FOLDER_PATH)/Reflect TV";
				TVOS_DEPLOYMENT_TARGET = 18.2;
			};
			name = Debug;
		};
		852BEF922DC6C633006A5D3A /* Release */ = {
			isa = XCBuildConfiguration;
			buildSettings = {
				BUNDLE_LOADER = "$(TEST_HOST)";
				CODE_SIGN_STYLE = Automatic;
				CURRENT_PROJECT_VERSION = 1;
				DEVELOPMENT_TEAM = FBUNBDS7R7;
				GENERATE_INFOPLIST_FILE = YES;
				MARKETING_VERSION = 1.0;
				PRODUCT_BUNDLE_IDENTIFIER = "com.MarkFriedlander.Reflect-TVTests";
				PRODUCT_NAME = "$(TARGET_NAME)";
				SDKROOT = appletvos;
				SWIFT_EMIT_LOC_STRINGS = NO;
				SWIFT_VERSION = 5.0;
				TARGETED_DEVICE_FAMILY = 3;
				TEST_HOST = "$(BUILT_PRODUCTS_DIR)/Reflect TV.app/$(BUNDLE_EXECUTABLE_FOLDER_PATH)/Reflect TV";
				TVOS_DEPLOYMENT_TARGET = 18.2;
			};
			name = Release;
		};
		852BEF942DC6C633006A5D3A /* Debug */ = {
			isa = XCBuildConfiguration;
			buildSettings = {
				CODE_SIGN_STYLE = Automatic;
				CURRENT_PROJECT_VERSION = 1;
				DEVELOPMENT_TEAM = FBUNBDS7R7;
				GENERATE_INFOPLIST_FILE = YES;
				MARKETING_VERSION = 1.0;
				PRODUCT_BUNDLE_IDENTIFIER = "com.MarkFriedlander.Reflect-TVUITests";
				PRODUCT_NAME = "$(TARGET_NAME)";
				SDKROOT = appletvos;
				SWIFT_EMIT_LOC_STRINGS = NO;
				SWIFT_VERSION = 5.0;
				TARGETED_DEVICE_FAMILY = 3;
				TEST_TARGET_NAME = "Reflect TV";
				TVOS_DEPLOYMENT_TARGET = 18.2;
			};
			name = Debug;
		};
		852BEF952DC6C633006A5D3A /* Release */ = {
			isa = XCBuildConfiguration;
			buildSettings = {
				CODE_SIGN_STYLE = Automatic;
				CURRENT_PROJECT_VERSION = 1;
				DEVELOPMENT_TEAM = FBUNBDS7R7;
				GENERATE_INFOPLIST_FILE = YES;
				MARKETING_VERSION = 1.0;
				PRODUCT_BUNDLE_IDENTIFIER = "com.MarkFriedlander.Reflect-TVUITests";
				PRODUCT_NAME = "$(TARGET_NAME)";
				SDKROOT = appletvos;
				SWIFT_EMIT_LOC_STRINGS = NO;
				SWIFT_VERSION = 5.0;
				TARGETED_DEVICE_FAMILY = 3;
				TEST_TARGET_NAME = "Reflect TV";
				TVOS_DEPLOYMENT_TARGET = 18.2;
			};
			name = Release;
		};
		85CE5BC52DBF365E00D1B87C /* Debug */ = {
			isa = XCBuildConfiguration;
			buildSettings = {
				ALWAYS_SEARCH_USER_PATHS = NO;
				ASSETCATALOG_COMPILER_GENERATE_SWIFT_ASSET_SYMBOL_EXTENSIONS = YES;
				CLANG_ANALYZER_NONNULL = YES;
				CLANG_ANALYZER_NUMBER_OBJECT_CONVERSION = YES_AGGRESSIVE;
				CLANG_CXX_LANGUAGE_STANDARD = "gnu++20";
				CLANG_ENABLE_MODULES = YES;
				CLANG_ENABLE_OBJC_ARC = YES;
				CLANG_ENABLE_OBJC_WEAK = YES;
				CLANG_WARN_BLOCK_CAPTURE_AUTORELEASING = YES;
				CLANG_WARN_BOOL_CONVERSION = YES;
				CLANG_WARN_COMMA = YES;
				CLANG_WARN_CONSTANT_CONVERSION = YES;
				CLANG_WARN_DEPRECATED_OBJC_IMPLEMENTATIONS = YES;
				CLANG_WARN_DIRECT_OBJC_ISA_USAGE = YES_ERROR;
				CLANG_WARN_DOCUMENTATION_COMMENTS = YES;
				CLANG_WARN_EMPTY_BODY = YES;
				CLANG_WARN_ENUM_CONVERSION = YES;
				CLANG_WARN_INFINITE_RECURSION = YES;
				CLANG_WARN_INT_CONVERSION = YES;
				CLANG_WARN_NON_LITERAL_NULL_CONVERSION = YES;
				CLANG_WARN_OBJC_IMPLICIT_RETAIN_SELF = YES;
				CLANG_WARN_OBJC_LITERAL_CONVERSION = YES;
				CLANG_WARN_OBJC_ROOT_CLASS = YES_ERROR;
				CLANG_WARN_QUOTED_INCLUDE_IN_FRAMEWORK_HEADER = YES;
				CLANG_WARN_RANGE_LOOP_ANALYSIS = YES;
				CLANG_WARN_STRICT_PROTOTYPES = YES;
				CLANG_WARN_SUSPICIOUS_MOVE = YES;
				CLANG_WARN_UNGUARDED_AVAILABILITY = YES_AGGRESSIVE;
				CLANG_WARN_UNREACHABLE_CODE = YES;
				CLANG_WARN__DUPLICATE_METHOD_MATCH = YES;
				COPY_PHASE_STRIP = NO;
				DEBUG_INFORMATION_FORMAT = dwarf;
				ENABLE_STRICT_OBJC_MSGSEND = YES;
				ENABLE_TESTABILITY = YES;
				ENABLE_USER_SCRIPT_SANDBOXING = YES;
				GCC_C_LANGUAGE_STANDARD = gnu17;
				GCC_DYNAMIC_NO_PIC = NO;
				GCC_NO_COMMON_BLOCKS = YES;
				GCC_OPTIMIZATION_LEVEL = 0;
				GCC_PREPROCESSOR_DEFINITIONS = (
					"DEBUG=1",
					"$(inherited)",
				);
				GCC_WARN_64_TO_32_BIT_CONVERSION = YES;
				GCC_WARN_ABOUT_RETURN_TYPE = YES_ERROR;
				GCC_WARN_UNDECLARED_SELECTOR = YES;
				GCC_WARN_UNINITIALIZED_AUTOS = YES_AGGRESSIVE;
				GCC_WARN_UNUSED_FUNCTION = YES;
				GCC_WARN_UNUSED_VARIABLE = YES;
				IPHONEOS_DEPLOYMENT_TARGET = 18.2;
				LOCALIZATION_PREFERS_STRING_CATALOGS = YES;
				MTL_ENABLE_DEBUG_INFO = INCLUDE_SOURCE;
				MTL_FAST_MATH = YES;
				ONLY_ACTIVE_ARCH = YES;
				SDKROOT = iphoneos;
				SWIFT_ACTIVE_COMPILATION_CONDITIONS = "DEBUG $(inherited)";
				SWIFT_OPTIMIZATION_LEVEL = "-Onone";
			};
			name = Debug;
		};
		85CE5BC62DBF365E00D1B87C /* Release */ = {
			isa = XCBuildConfiguration;
			buildSettings = {
				ALWAYS_SEARCH_USER_PATHS = NO;
				ASSETCATALOG_COMPILER_GENERATE_SWIFT_ASSET_SYMBOL_EXTENSIONS = YES;
				CLANG_ANALYZER_NONNULL = YES;
				CLANG_ANALYZER_NUMBER_OBJECT_CONVERSION = YES_AGGRESSIVE;
				CLANG_CXX_LANGUAGE_STANDARD = "gnu++20";
				CLANG_ENABLE_MODULES = YES;
				CLANG_ENABLE_OBJC_ARC = YES;
				CLANG_ENABLE_OBJC_WEAK = YES;
				CLANG_WARN_BLOCK_CAPTURE_AUTORELEASING = YES;
				CLANG_WARN_BOOL_CONVERSION = YES;
				CLANG_WARN_COMMA = YES;
				CLANG_WARN_CONSTANT_CONVERSION = YES;
				CLANG_WARN_DEPRECATED_OBJC_IMPLEMENTATIONS = YES;
				CLANG_WARN_DIRECT_OBJC_ISA_USAGE = YES_ERROR;
				CLANG_WARN_DOCUMENTATION_COMMENTS = YES;
				CLANG_WARN_EMPTY_BODY = YES;
				CLANG_WARN_ENUM_CONVERSION = YES;
				CLANG_WARN_INFINITE_RECURSION = YES;
				CLANG_WARN_INT_CONVERSION = YES;
				CLANG_WARN_NON_LITERAL_NULL_CONVERSION = YES;
				CLANG_WARN_OBJC_IMPLICIT_RETAIN_SELF = YES;
				CLANG_WARN_OBJC_LITERAL_CONVERSION = YES;
				CLANG_WARN_OBJC_ROOT_CLASS = YES_ERROR;
				CLANG_WARN_QUOTED_INCLUDE_IN_FRAMEWORK_HEADER = YES;
				CLANG_WARN_RANGE_LOOP_ANALYSIS = YES;
				CLANG_WARN_STRICT_PROTOTYPES = YES;
				CLANG_WARN_SUSPICIOUS_MOVE = YES;
				CLANG_WARN_UNGUARDED_AVAILABILITY = YES_AGGRESSIVE;
				CLANG_WARN_UNREACHABLE_CODE = YES;
				CLANG_WARN__DUPLICATE_METHOD_MATCH = YES;
				COPY_PHASE_STRIP = NO;
				DEBUG_INFORMATION_FORMAT = "dwarf-with-dsym";
				ENABLE_NS_ASSERTIONS = NO;
				ENABLE_STRICT_OBJC_MSGSEND = YES;
				ENABLE_USER_SCRIPT_SANDBOXING = YES;
				GCC_C_LANGUAGE_STANDARD = gnu17;
				GCC_NO_COMMON_BLOCKS = YES;
				GCC_WARN_64_TO_32_BIT_CONVERSION = YES;
				GCC_WARN_ABOUT_RETURN_TYPE = YES_ERROR;
				GCC_WARN_UNDECLARED_SELECTOR = YES;
				GCC_WARN_UNINITIALIZED_AUTOS = YES_AGGRESSIVE;
				GCC_WARN_UNUSED_FUNCTION = YES;
				GCC_WARN_UNUSED_VARIABLE = YES;
				IPHONEOS_DEPLOYMENT_TARGET = 18.2;
				LOCALIZATION_PREFERS_STRING_CATALOGS = YES;
				MTL_ENABLE_DEBUG_INFO = NO;
				MTL_FAST_MATH = YES;
				SDKROOT = iphoneos;
				SWIFT_COMPILATION_MODE = wholemodule;
				VALIDATE_PRODUCT = YES;
			};
			name = Release;
		};
		85CE5BC82DBF365E00D1B87C /* Debug */ = {
			isa = XCBuildConfiguration;
			buildSettings = {
				ASSETCATALOG_COMPILER_APPICON_NAME = AppIcon;
				ASSETCATALOG_COMPILER_GLOBAL_ACCENT_COLOR_NAME = AccentColor;
				CODE_SIGN_STYLE = Automatic;
				CURRENT_PROJECT_VERSION = 3;
				DEVELOPMENT_ASSET_PATHS = "\"Reflect/Preview Content\"";
				DEVELOPMENT_TEAM = FBUNBDS7R7;
				ENABLE_PREVIEWS = YES;
				GENERATE_INFOPLIST_FILE = YES;
				INFOPLIST_KEY_CFBundleDisplayName = "Reflect: Creative Sparks";
				INFOPLIST_KEY_LSApplicationCategoryType = "public.app-category.productivity";
				INFOPLIST_KEY_UIApplicationSceneManifest_Generation = YES;
				INFOPLIST_KEY_UIApplicationSupportsIndirectInputEvents = YES;
				INFOPLIST_KEY_UILaunchScreen_Generation = YES;
				INFOPLIST_KEY_UISupportedInterfaceOrientations_iPad = "UIInterfaceOrientationPortrait UIInterfaceOrientationPortraitUpsideDown UIInterfaceOrientationLandscapeLeft UIInterfaceOrientationLandscapeRight";
				INFOPLIST_KEY_UISupportedInterfaceOrientations_iPhone = "UIInterfaceOrientationPortrait UIInterfaceOrientationLandscapeLeft UIInterfaceOrientationLandscapeRight";
				LD_RUNPATH_SEARCH_PATHS = (
					"$(inherited)",
					"@executable_path/Frameworks",
				);
				MARKETING_VERSION = 1.1;
				PRODUCT_BUNDLE_IDENTIFIER = com.MarkFriedlander.Reflect;
				PRODUCT_NAME = "$(TARGET_NAME)";
				SWIFT_EMIT_LOC_STRINGS = YES;
				SWIFT_VERSION = 5.0;
				TARGETED_DEVICE_FAMILY = "1,2";
			};
			name = Debug;
		};
		85CE5BC92DBF365E00D1B87C /* Release */ = {
			isa = XCBuildConfiguration;
			buildSettings = {
				ASSETCATALOG_COMPILER_APPICON_NAME = AppIcon;
				ASSETCATALOG_COMPILER_GLOBAL_ACCENT_COLOR_NAME = AccentColor;
				CODE_SIGN_STYLE = Automatic;
				CURRENT_PROJECT_VERSION = 3;
				DEVELOPMENT_ASSET_PATHS = "\"Reflect/Preview Content\"";
				DEVELOPMENT_TEAM = FBUNBDS7R7;
				ENABLE_PREVIEWS = YES;
				GENERATE_INFOPLIST_FILE = YES;
				INFOPLIST_KEY_CFBundleDisplayName = "Reflect: Creative Sparks";
				INFOPLIST_KEY_LSApplicationCategoryType = "public.app-category.productivity";
				INFOPLIST_KEY_UIApplicationSceneManifest_Generation = YES;
				INFOPLIST_KEY_UIApplicationSupportsIndirectInputEvents = YES;
				INFOPLIST_KEY_UILaunchScreen_Generation = YES;
				INFOPLIST_KEY_UISupportedInterfaceOrientations_iPad = "UIInterfaceOrientationPortrait UIInterfaceOrientationPortraitUpsideDown UIInterfaceOrientationLandscapeLeft UIInterfaceOrientationLandscapeRight";
				INFOPLIST_KEY_UISupportedInterfaceOrientations_iPhone = "UIInterfaceOrientationPortrait UIInterfaceOrientationLandscapeLeft UIInterfaceOrientationLandscapeRight";
				LD_RUNPATH_SEARCH_PATHS = (
					"$(inherited)",
					"@executable_path/Frameworks",
				);
				MARKETING_VERSION = 1.1;
				PRODUCT_BUNDLE_IDENTIFIER = com.MarkFriedlander.Reflect;
				PRODUCT_NAME = "$(TARGET_NAME)";
				SWIFT_EMIT_LOC_STRINGS = YES;
				SWIFT_VERSION = 5.0;
				TARGETED_DEVICE_FAMILY = "1,2";
			};
			name = Release;
		};
		85CE5BCB2DBF365E00D1B87C /* Debug */ = {
			isa = XCBuildConfiguration;
			buildSettings = {
				BUNDLE_LOADER = "$(TEST_HOST)";
				CODE_SIGN_STYLE = Automatic;
				CURRENT_PROJECT_VERSION = 1;
				DEVELOPMENT_TEAM = FBUNBDS7R7;
				GENERATE_INFOPLIST_FILE = YES;
				IPHONEOS_DEPLOYMENT_TARGET = 18.2;
				MARKETING_VERSION = 1.0;
				PRODUCT_BUNDLE_IDENTIFIER = com.MarkFriedlander.ReflectTests;
				PRODUCT_NAME = "$(TARGET_NAME)";
				SWIFT_EMIT_LOC_STRINGS = NO;
				SWIFT_VERSION = 5.0;
				TARGETED_DEVICE_FAMILY = "1,2";
				TEST_HOST = "$(BUILT_PRODUCTS_DIR)/Reflect.app/$(BUNDLE_EXECUTABLE_FOLDER_PATH)/Reflect";
			};
			name = Debug;
		};
		85CE5BCC2DBF365E00D1B87C /* Release */ = {
			isa = XCBuildConfiguration;
			buildSettings = {
				BUNDLE_LOADER = "$(TEST_HOST)";
				CODE_SIGN_STYLE = Automatic;
				CURRENT_PROJECT_VERSION = 1;
				DEVELOPMENT_TEAM = FBUNBDS7R7;
				GENERATE_INFOPLIST_FILE = YES;
				IPHONEOS_DEPLOYMENT_TARGET = 18.2;
				MARKETING_VERSION = 1.0;
				PRODUCT_BUNDLE_IDENTIFIER = com.MarkFriedlander.ReflectTests;
				PRODUCT_NAME = "$(TARGET_NAME)";
				SWIFT_EMIT_LOC_STRINGS = NO;
				SWIFT_VERSION = 5.0;
				TARGETED_DEVICE_FAMILY = "1,2";
				TEST_HOST = "$(BUILT_PRODUCTS_DIR)/Reflect.app/$(BUNDLE_EXECUTABLE_FOLDER_PATH)/Reflect";
			};
			name = Release;
		};
		85CE5BCE2DBF365E00D1B87C /* Debug */ = {
			isa = XCBuildConfiguration;
			buildSettings = {
				CODE_SIGN_STYLE = Automatic;
				CURRENT_PROJECT_VERSION = 1;
				DEVELOPMENT_TEAM = FBUNBDS7R7;
				GENERATE_INFOPLIST_FILE = YES;
				MARKETING_VERSION = 1.0;
				PRODUCT_BUNDLE_IDENTIFIER = com.MarkFriedlander.ReflectUITests;
				PRODUCT_NAME = "$(TARGET_NAME)";
				SWIFT_EMIT_LOC_STRINGS = NO;
				SWIFT_VERSION = 5.0;
				TARGETED_DEVICE_FAMILY = "1,2";
				TEST_TARGET_NAME = Reflect;
			};
			name = Debug;
		};
		85CE5BCF2DBF365E00D1B87C /* Release */ = {
			isa = XCBuildConfiguration;
			buildSettings = {
				CODE_SIGN_STYLE = Automatic;
				CURRENT_PROJECT_VERSION = 1;
				DEVELOPMENT_TEAM = FBUNBDS7R7;
				GENERATE_INFOPLIST_FILE = YES;
				MARKETING_VERSION = 1.0;
				PRODUCT_BUNDLE_IDENTIFIER = com.MarkFriedlander.ReflectUITests;
				PRODUCT_NAME = "$(TARGET_NAME)";
				SWIFT_EMIT_LOC_STRINGS = NO;
				SWIFT_VERSION = 5.0;
				TARGETED_DEVICE_FAMILY = "1,2";
				TEST_TARGET_NAME = Reflect;
			};
			name = Release;
		};
		85E4D8372DC47C3E00B7413E /* Debug */ = {
			isa = XCBuildConfiguration;
			buildSettings = {
				ASSETCATALOG_COMPILER_APPICON_NAME = AppIcon;
				ASSETCATALOG_COMPILER_GLOBAL_ACCENT_COLOR_NAME = AccentColor;
				CODE_SIGN_STYLE = Automatic;
				CURRENT_PROJECT_VERSION = 3;
				DEVELOPMENT_ASSET_PATHS = "\"Reflect Watch Watch App/Preview Content\"";
				DEVELOPMENT_TEAM = FBUNBDS7R7;
				ENABLE_PREVIEWS = YES;
				GENERATE_INFOPLIST_FILE = YES;
				INFOPLIST_KEY_CFBundleDisplayName = Reflect;
				INFOPLIST_KEY_UISupportedInterfaceOrientations = "UIInterfaceOrientationPortrait UIInterfaceOrientationPortraitUpsideDown";
				INFOPLIST_KEY_WKCompanionAppBundleIdentifier = com.MarkFriedlander.Reflect;
				LD_RUNPATH_SEARCH_PATHS = (
					"$(inherited)",
					"@executable_path/Frameworks",
				);
				MARKETING_VERSION = 1.1;
				PRODUCT_BUNDLE_IDENTIFIER = com.MarkFriedlander.Reflect.watchkitapp;
				PRODUCT_NAME = "$(TARGET_NAME)";
				SDKROOT = watchos;
				SKIP_INSTALL = YES;
				SWIFT_EMIT_LOC_STRINGS = YES;
				SWIFT_VERSION = 5.0;
				TARGETED_DEVICE_FAMILY = 4;
				WATCHOS_DEPLOYMENT_TARGET = 9.6;
			};
			name = Debug;
		};
		85E4D8382DC47C3E00B7413E /* Release */ = {
			isa = XCBuildConfiguration;
			buildSettings = {
				ASSETCATALOG_COMPILER_APPICON_NAME = AppIcon;
				ASSETCATALOG_COMPILER_GLOBAL_ACCENT_COLOR_NAME = AccentColor;
				CODE_SIGN_STYLE = Automatic;
				CURRENT_PROJECT_VERSION = 3;
				DEVELOPMENT_ASSET_PATHS = "\"Reflect Watch Watch App/Preview Content\"";
				DEVELOPMENT_TEAM = FBUNBDS7R7;
				ENABLE_PREVIEWS = YES;
				GENERATE_INFOPLIST_FILE = YES;
				INFOPLIST_KEY_CFBundleDisplayName = Reflect;
				INFOPLIST_KEY_UISupportedInterfaceOrientations = "UIInterfaceOrientationPortrait UIInterfaceOrientationPortraitUpsideDown";
				INFOPLIST_KEY_WKCompanionAppBundleIdentifier = com.MarkFriedlander.Reflect;
				LD_RUNPATH_SEARCH_PATHS = (
					"$(inherited)",
					"@executable_path/Frameworks",
				);
				MARKETING_VERSION = 1.1;
				PRODUCT_BUNDLE_IDENTIFIER = com.MarkFriedlander.Reflect.watchkitapp;
				PRODUCT_NAME = "$(TARGET_NAME)";
				SDKROOT = watchos;
				SKIP_INSTALL = YES;
				SWIFT_EMIT_LOC_STRINGS = YES;
				SWIFT_VERSION = 5.0;
				TARGETED_DEVICE_FAMILY = 4;
				WATCHOS_DEPLOYMENT_TARGET = 9.6;
			};
			name = Release;
		};
		85E4D8392DC47C3E00B7413E /* Debug */ = {
			isa = XCBuildConfiguration;
			buildSettings = {
				BUNDLE_LOADER = "$(TEST_HOST)";
				CODE_SIGN_STYLE = Automatic;
				CURRENT_PROJECT_VERSION = 1;
				DEVELOPMENT_TEAM = FBUNBDS7R7;
				GENERATE_INFOPLIST_FILE = YES;
				MARKETING_VERSION = 1.0;
				PRODUCT_BUNDLE_IDENTIFIER = "com.MarkFriedlander.Reflect-Watch-Watch-AppTests";
				PRODUCT_NAME = "$(TARGET_NAME)";
				SDKROOT = watchos;
				SWIFT_EMIT_LOC_STRINGS = NO;
				SWIFT_VERSION = 5.0;
				TARGETED_DEVICE_FAMILY = 4;
				TEST_HOST = "$(BUILT_PRODUCTS_DIR)/Reflect Watch Watch App.app/$(BUNDLE_EXECUTABLE_FOLDER_PATH)/Reflect Watch Watch App";
				WATCHOS_DEPLOYMENT_TARGET = 9.6;
			};
			name = Debug;
		};
		85E4D83A2DC47C3E00B7413E /* Release */ = {
			isa = XCBuildConfiguration;
			buildSettings = {
				BUNDLE_LOADER = "$(TEST_HOST)";
				CODE_SIGN_STYLE = Automatic;
				CURRENT_PROJECT_VERSION = 1;
				DEVELOPMENT_TEAM = FBUNBDS7R7;
				GENERATE_INFOPLIST_FILE = YES;
				MARKETING_VERSION = 1.0;
				PRODUCT_BUNDLE_IDENTIFIER = "com.MarkFriedlander.Reflect-Watch-Watch-AppTests";
				PRODUCT_NAME = "$(TARGET_NAME)";
				SDKROOT = watchos;
				SWIFT_EMIT_LOC_STRINGS = NO;
				SWIFT_VERSION = 5.0;
				TARGETED_DEVICE_FAMILY = 4;
				TEST_HOST = "$(BUILT_PRODUCTS_DIR)/Reflect Watch Watch App.app/$(BUNDLE_EXECUTABLE_FOLDER_PATH)/Reflect Watch Watch App";
				WATCHOS_DEPLOYMENT_TARGET = 9.6;
			};
			name = Release;
		};
		85E4D83B2DC47C3E00B7413E /* Debug */ = {
			isa = XCBuildConfiguration;
			buildSettings = {
				CODE_SIGN_STYLE = Automatic;
				CURRENT_PROJECT_VERSION = 1;
				DEVELOPMENT_TEAM = FBUNBDS7R7;
				GENERATE_INFOPLIST_FILE = YES;
				MARKETING_VERSION = 1.0;
				PRODUCT_BUNDLE_IDENTIFIER = "com.MarkFriedlander.Reflect-Watch-Watch-AppUITests";
				PRODUCT_NAME = "$(TARGET_NAME)";
				SDKROOT = watchos;
				SWIFT_EMIT_LOC_STRINGS = NO;
				SWIFT_VERSION = 5.0;
				TARGETED_DEVICE_FAMILY = 4;
				TEST_TARGET_NAME = "Reflect Watch Watch App";
				WATCHOS_DEPLOYMENT_TARGET = 9.6;
			};
			name = Debug;
		};
		85E4D83C2DC47C3E00B7413E /* Release */ = {
			isa = XCBuildConfiguration;
			buildSettings = {
				CODE_SIGN_STYLE = Automatic;
				CURRENT_PROJECT_VERSION = 1;
				DEVELOPMENT_TEAM = FBUNBDS7R7;
				GENERATE_INFOPLIST_FILE = YES;
				MARKETING_VERSION = 1.0;
				PRODUCT_BUNDLE_IDENTIFIER = "com.MarkFriedlander.Reflect-Watch-Watch-AppUITests";
				PRODUCT_NAME = "$(TARGET_NAME)";
				SDKROOT = watchos;
				SWIFT_EMIT_LOC_STRINGS = NO;
				SWIFT_VERSION = 5.0;
				TARGETED_DEVICE_FAMILY = 4;
				TEST_TARGET_NAME = "Reflect Watch Watch App";
				WATCHOS_DEPLOYMENT_TARGET = 9.6;
			};
			name = Release;
		};
/* End XCBuildConfiguration section */

/* Begin XCConfigurationList section */
		852BEF8D2DC6C633006A5D3A /* Build configuration list for PBXNativeTarget "Reflect TV" */ = {
			isa = XCConfigurationList;
			buildConfigurations = (
				852BEF8E2DC6C633006A5D3A /* Debug */,
				852BEF8F2DC6C633006A5D3A /* Release */,
			);
			defaultConfigurationIsVisible = 0;
			defaultConfigurationName = Release;
		};
		852BEF902DC6C633006A5D3A /* Build configuration list for PBXNativeTarget "Reflect TVTests" */ = {
			isa = XCConfigurationList;
			buildConfigurations = (
				852BEF912DC6C633006A5D3A /* Debug */,
				852BEF922DC6C633006A5D3A /* Release */,
			);
			defaultConfigurationIsVisible = 0;
			defaultConfigurationName = Release;
		};
		852BEF932DC6C633006A5D3A /* Build configuration list for PBXNativeTarget "Reflect TVUITests" */ = {
			isa = XCConfigurationList;
			buildConfigurations = (
				852BEF942DC6C633006A5D3A /* Debug */,
				852BEF952DC6C633006A5D3A /* Release */,
			);
			defaultConfigurationIsVisible = 0;
			defaultConfigurationName = Release;
		};
		85CE5B9E2DBF365B00D1B87C /* Build configuration list for PBXProject "Reflect" */ = {
			isa = XCConfigurationList;
			buildConfigurations = (
				85CE5BC52DBF365E00D1B87C /* Debug */,
				85CE5BC62DBF365E00D1B87C /* Release */,
			);
			defaultConfigurationIsVisible = 0;
			defaultConfigurationName = Release;
		};
		85CE5BC72DBF365E00D1B87C /* Build configuration list for PBXNativeTarget "Reflect" */ = {
			isa = XCConfigurationList;
			buildConfigurations = (
				85CE5BC82DBF365E00D1B87C /* Debug */,
				85CE5BC92DBF365E00D1B87C /* Release */,
			);
			defaultConfigurationIsVisible = 0;
			defaultConfigurationName = Release;
		};
		85CE5BCA2DBF365E00D1B87C /* Build configuration list for PBXNativeTarget "ReflectTests" */ = {
			isa = XCConfigurationList;
			buildConfigurations = (
				85CE5BCB2DBF365E00D1B87C /* Debug */,
				85CE5BCC2DBF365E00D1B87C /* Release */,
			);
			defaultConfigurationIsVisible = 0;
			defaultConfigurationName = Release;
		};
		85CE5BCD2DBF365E00D1B87C /* Build configuration list for PBXNativeTarget "ReflectUITests" */ = {
			isa = XCConfigurationList;
			buildConfigurations = (
				85CE5BCE2DBF365E00D1B87C /* Debug */,
				85CE5BCF2DBF365E00D1B87C /* Release */,
			);
			defaultConfigurationIsVisible = 0;
			defaultConfigurationName = Release;
		};
		85E4D83D2DC47C3E00B7413E /* Build configuration list for PBXNativeTarget "Reflect Watch Watch App" */ = {
			isa = XCConfigurationList;
			buildConfigurations = (
				85E4D8372DC47C3E00B7413E /* Debug */,
				85E4D8382DC47C3E00B7413E /* Release */,
			);
			defaultConfigurationIsVisible = 0;
			defaultConfigurationName = Release;
		};
		85E4D83E2DC47C3E00B7413E /* Build configuration list for PBXNativeTarget "Reflect Watch Watch AppTests" */ = {
			isa = XCConfigurationList;
			buildConfigurations = (
				85E4D8392DC47C3E00B7413E /* Debug */,
				85E4D83A2DC47C3E00B7413E /* Release */,
			);
			defaultConfigurationIsVisible = 0;
			defaultConfigurationName = Release;
		};
		85E4D83F2DC47C3E00B7413E /* Build configuration list for PBXNativeTarget "Reflect Watch Watch AppUITests" */ = {
			isa = XCConfigurationList;
			buildConfigurations = (
				85E4D83B2DC47C3E00B7413E /* Debug */,
				85E4D83C2DC47C3E00B7413E /* Release */,
			);
			defaultConfigurationIsVisible = 0;
			defaultConfigurationName = Release;
		};
/* End XCConfigurationList section */
	};
	rootObject = 85CE5B9B2DBF365B00D1B87C /* Project object */;
}
